{
  "name": "home",
  "lockfileVersion": 3,
  "requires": true,
  "packages": {
    "": {
      "dependencies": {
        "@openai/codex-sdk": "^0.87.0"
      }
    },
    "node_modules/@openai/codex-sdk": {
      "version": "0.87.0",
      "resolved": "https://registry.npmjs.org/@openai/codex-sdk/-/codex-sdk-0.87.0.tgz",
      "integrity": "sha512-HV9DKSCq1PTc1Ti1XvfXFgwc+WR1sPT2JSyPkFkDV5Ip1lkK4C0WeQ++WE4y0fSIS3x3XtBGmdT4oDfaeqj63g==",
      "license": "Apache-2.0",
      "engines": {
        "node": ">=18"
      }
    }
  }
}
